
Microsoft Visual Studio Solution File, Format Version 12.00
# Visual Studio 15
VisualStudioVersion = 15.0.27130.2010
MinimumVisualStudioVersion = 10.0.40219.1
Project("{FAE04EC0-301F-11D3-BF4B-00C04F79EFBC}") = "Exercise2", "Exercise2\Exercise2.csproj", "{FA04D51B-0292-46B2-A1A8-23BA755EBAE5}"
EndProject
Project("{FAE04EC0-301F-11D3-BF4B-00C04F79EFBC}") = "Exercise1", "Exercise1\Exercise1.csproj", "{E53FA4C6-F5B4-4BDC-85BD-4811D5683F2B}"
EndProject
Project("{FAE04EC0-301F-11D3-BF4B-00C04F79EFBC}") = "Exercise4", "Exercise4\Exercise4.csproj", "{327DDEE5-5902-443E-8DFD-68527BF5AC01}"
EndProject
Project("{FAE04EC0-301F-11D3-BF4B-00C04F79EFBC}") = "Exercise3", "Exercise3\Exercise3.csproj", "{C5CF0003-A1A6-4C29-951A-C92DD934E2A0}"
EndProject
Project("{FAE04EC0-301F-11D3-BF4B-00C04F79EFBC}") = "Exercise5", "Exercise5\Exercise5.csproj", "{77142F6A-D4B5-4A99-82CA-98849F95C35C}"
EndProject
Project("{FAE04EC0-301F-11D3-BF4B-00C04F79EFBC}") = "RickGuitarShop1", "RickGuitarShop1\RickGuitarShop1.csproj", "{78C4D3B4-FB50-4285-9F32-7AFF9E858572}"
EndProject
Project("{FAE04EC0-301F-11D3-BF4B-00C04F79EFBC}") = "RickGuitarShop2", "RickGuitarShop2\RickGuitarShop2.csproj", "{3010B326-A43C-4652-94E4-F37342FCE9EB}"
EndProject
Project("{FAE04EC0-301F-11D3-BF4B-00C04F79EFBC}") = "RickGuitarShop3", "RickGuitarShop3\RickGuitarShop3.csproj", "{797F2B8B-E418-4452-B1CB-ABF317EB132B}"
EndProject
Project("{FAE04EC0-301F-11D3-BF4B-00C04F79EFBC}") = "RickGuitarShop4", "RickGuitarShop4\RickGuitarShop4.csproj", "{B7384D76-8076-42FF-A7DE-2EDFD7FA1395}"
EndProject
Project("{FAE04EC0-301F-11D3-BF4B-00C04F79EFBC}") = "Starbuzz1", "Starbuzz1\Starbuzz1.csproj", "{6CD04A83-092F-4714-A943-714EDEF6772F}"
EndProject
Project("{FAE04EC0-301F-11D3-BF4B-00C04F79EFBC}") = "Starbuzz2", "Starbuzz2\Starbuzz2.csproj", "{A43E81A3-9C1F-4AFB-B685-9DB48B94943E}"
EndProject
Project("{FAE04EC0-301F-11D3-BF4B-00C04F79EFBC}") = "Starbuzz3", "Starbuzz3\Starbuzz3.csproj", "{8B96C590-B76E-48D7-94C0-CE50DC9662B0}"
EndProject
Project("{FAE04EC0-301F-11D3-BF4B-00C04F79EFBC}") = "StarbuzzVending", "StarbuzzVending\StarbuzzVending.csproj", "{72FCCE4C-E5E3-4AA5-A6A6-8D6E8DCAD6E7}"
EndProject
Project("{2150E333-8FDC-42A3-9474-1A3956D46DE8}") = "Solution Items", "Solution Items", "{D2A647EF-B8C3-4BFC-A9DE-E8A4D428E32D}"
	ProjectSection(SolutionItems) = preProject
		README.md = README.md
	EndProjectSection
EndProject
Project("{2150E333-8FDC-42A3-9474-1A3956D46DE8}") = "Libraries", "Libraries", "{94ABCC60-3C41-430F-8C9C-A7DA64C79AD9}"
EndProject
Project("{FAE04EC0-301F-11D3-BF4B-00C04F79EFBC}") = "DIS.Logging", "DIS.Logging\DIS.Logging.csproj", "{8A5D2C7F-BF50-432E-B659-057CC0B9FA13}"
EndProject
Project("{FAE04EC0-301F-11D3-BF4B-00C04F79EFBC}") = "DIS.Logging.Forms", "DIS.Logging.Forms\DIS.Logging.Forms.csproj", "{88DE9B49-B8B0-47F4-A0D7-8F601181762F}"
EndProject
Project("{2150E333-8FDC-42A3-9474-1A3956D46DE8}") = "3 - Christmas", "3 - Christmas", "{32BA2663-F803-4CEF-ABF2-4440356F2092}"
EndProject
Project("{FAE04EC0-301F-11D3-BF4B-00C04F79EFBC}") = "Christmas.Entities", "Chrismas\Christmas.Entities\Christmas.Entities.csproj", "{53E1669F-9FA8-4747-B496-DDD6E229B8DB}"
EndProject
Project("{FAE04EC0-301F-11D3-BF4B-00C04F79EFBC}") = "Christmas.Patterns", "Chrismas\Christmas.Patterns\Christmas.Patterns.csproj", "{673CF5A8-35F8-4239-A08B-99AD16A75623}"
EndProject
Project("{FAE04EC0-301F-11D3-BF4B-00C04F79EFBC}") = "Christmas.Shopping", "Chrismas\Christmas.Shopping\Christmas.Shopping.csproj", "{DCC30C75-0B67-4333-B379-A715E4DBC70C}"
EndProject
Project("{2150E333-8FDC-42A3-9474-1A3956D46DE8}") = "0 - Initial Exercises", "0 - Initial Exercises", "{AA0E432E-C127-4D97-AA9C-418F282D26BC}"
EndProject
Project("{2150E333-8FDC-42A3-9474-1A3956D46DE8}") = "1 - RickGuitarShop", "1 - RickGuitarShop", "{4F05BA25-EB5F-4536-ABF5-EB05FAEACCFB}"
EndProject
Project("{2150E333-8FDC-42A3-9474-1A3956D46DE8}") = "2 - Starbuzz", "2 - Starbuzz", "{1B2783EF-9450-4D59-8BE4-EC930247694A}"
EndProject
Global
	GlobalSection(SolutionConfigurationPlatforms) = preSolution
		Debug|Any CPU = Debug|Any CPU
		Release|Any CPU = Release|Any CPU
	EndGlobalSection
	GlobalSection(ProjectConfigurationPlatforms) = postSolution
		{FA04D51B-0292-46B2-A1A8-23BA755EBAE5}.Debug|Any CPU.ActiveCfg = Debug|Any CPU
		{FA04D51B-0292-46B2-A1A8-23BA755EBAE5}.Debug|Any CPU.Build.0 = Debug|Any CPU
		{FA04D51B-0292-46B2-A1A8-23BA755EBAE5}.Release|Any CPU.ActiveCfg = Release|Any CPU
		{FA04D51B-0292-46B2-A1A8-23BA755EBAE5}.Release|Any CPU.Build.0 = Release|Any CPU
		{E53FA4C6-F5B4-4BDC-85BD-4811D5683F2B}.Debug|Any CPU.ActiveCfg = Debug|Any CPU
		{E53FA4C6-F5B4-4BDC-85BD-4811D5683F2B}.Debug|Any CPU.Build.0 = Debug|Any CPU
		{E53FA4C6-F5B4-4BDC-85BD-4811D5683F2B}.Release|Any CPU.ActiveCfg = Release|Any CPU
		{E53FA4C6-F5B4-4BDC-85BD-4811D5683F2B}.Release|Any CPU.Build.0 = Release|Any CPU
		{327DDEE5-5902-443E-8DFD-68527BF5AC01}.Debug|Any CPU.ActiveCfg = Debug|Any CPU
		{327DDEE5-5902-443E-8DFD-68527BF5AC01}.Debug|Any CPU.Build.0 = Debug|Any CPU
		{327DDEE5-5902-443E-8DFD-68527BF5AC01}.Release|Any CPU.ActiveCfg = Release|Any CPU
		{327DDEE5-5902-443E-8DFD-68527BF5AC01}.Release|Any CPU.Build.0 = Release|Any CPU
		{C5CF0003-A1A6-4C29-951A-C92DD934E2A0}.Debug|Any CPU.ActiveCfg = Debug|Any CPU
		{C5CF0003-A1A6-4C29-951A-C92DD934E2A0}.Debug|Any CPU.Build.0 = Debug|Any CPU
		{C5CF0003-A1A6-4C29-951A-C92DD934E2A0}.Release|Any CPU.ActiveCfg = Release|Any CPU
		{C5CF0003-A1A6-4C29-951A-C92DD934E2A0}.Release|Any CPU.Build.0 = Release|Any CPU
		{77142F6A-D4B5-4A99-82CA-98849F95C35C}.Debug|Any CPU.ActiveCfg = Debug|Any CPU
		{77142F6A-D4B5-4A99-82CA-98849F95C35C}.Debug|Any CPU.Build.0 = Debug|Any CPU
		{77142F6A-D4B5-4A99-82CA-98849F95C35C}.Release|Any CPU.ActiveCfg = Release|Any CPU
		{77142F6A-D4B5-4A99-82CA-98849F95C35C}.Release|Any CPU.Build.0 = Release|Any CPU
		{78C4D3B4-FB50-4285-9F32-7AFF9E858572}.Debug|Any CPU.ActiveCfg = Debug|Any CPU
		{78C4D3B4-FB50-4285-9F32-7AFF9E858572}.Debug|Any CPU.Build.0 = Debug|Any CPU
		{78C4D3B4-FB50-4285-9F32-7AFF9E858572}.Release|Any CPU.ActiveCfg = Release|Any CPU
		{78C4D3B4-FB50-4285-9F32-7AFF9E858572}.Release|Any CPU.Build.0 = Release|Any CPU
		{3010B326-A43C-4652-94E4-F37342FCE9EB}.Debug|Any CPU.ActiveCfg = Debug|Any CPU
		{3010B326-A43C-4652-94E4-F37342FCE9EB}.Debug|Any CPU.Build.0 = Debug|Any CPU
		{3010B326-A43C-4652-94E4-F37342FCE9EB}.Release|Any CPU.ActiveCfg = Release|Any CPU
		{3010B326-A43C-4652-94E4-F37342FCE9EB}.Release|Any CPU.Build.0 = Release|Any CPU
		{797F2B8B-E418-4452-B1CB-ABF317EB132B}.Debug|Any CPU.ActiveCfg = Debug|Any CPU
		{797F2B8B-E418-4452-B1CB-ABF317EB132B}.Debug|Any CPU.Build.0 = Debug|Any CPU
		{797F2B8B-E418-4452-B1CB-ABF317EB132B}.Release|Any CPU.ActiveCfg = Release|Any CPU
		{797F2B8B-E418-4452-B1CB-ABF317EB132B}.Release|Any CPU.Build.0 = Release|Any CPU
		{B7384D76-8076-42FF-A7DE-2EDFD7FA1395}.Debug|Any CPU.ActiveCfg = Debug|Any CPU
		{B7384D76-8076-42FF-A7DE-2EDFD7FA1395}.Debug|Any CPU.Build.0 = Debug|Any CPU
		{B7384D76-8076-42FF-A7DE-2EDFD7FA1395}.Release|Any CPU.ActiveCfg = Release|Any CPU
		{B7384D76-8076-42FF-A7DE-2EDFD7FA1395}.Release|Any CPU.Build.0 = Release|Any CPU
		{6CD04A83-092F-4714-A943-714EDEF6772F}.Debug|Any CPU.ActiveCfg = Debug|Any CPU
		{6CD04A83-092F-4714-A943-714EDEF6772F}.Debug|Any CPU.Build.0 = Debug|Any CPU
		{6CD04A83-092F-4714-A943-714EDEF6772F}.Release|Any CPU.ActiveCfg = Release|Any CPU
		{6CD04A83-092F-4714-A943-714EDEF6772F}.Release|Any CPU.Build.0 = Release|Any CPU
		{A43E81A3-9C1F-4AFB-B685-9DB48B94943E}.Debug|Any CPU.ActiveCfg = Debug|Any CPU
		{A43E81A3-9C1F-4AFB-B685-9DB48B94943E}.Debug|Any CPU.Build.0 = Debug|Any CPU
		{A43E81A3-9C1F-4AFB-B685-9DB48B94943E}.Release|Any CPU.ActiveCfg = Release|Any CPU
		{A43E81A3-9C1F-4AFB-B685-9DB48B94943E}.Release|Any CPU.Build.0 = Release|Any CPU
		{8B96C590-B76E-48D7-94C0-CE50DC9662B0}.Debug|Any CPU.ActiveCfg = Debug|Any CPU
		{8B96C590-B76E-48D7-94C0-CE50DC9662B0}.Debug|Any CPU.Build.0 = Debug|Any CPU
		{8B96C590-B76E-48D7-94C0-CE50DC9662B0}.Release|Any CPU.ActiveCfg = Release|Any CPU
		{8B96C590-B76E-48D7-94C0-CE50DC9662B0}.Release|Any CPU.Build.0 = Release|Any CPU
		{72FCCE4C-E5E3-4AA5-A6A6-8D6E8DCAD6E7}.Debug|Any CPU.ActiveCfg = Debug|Any CPU
		{72FCCE4C-E5E3-4AA5-A6A6-8D6E8DCAD6E7}.Debug|Any CPU.Build.0 = Debug|Any CPU
		{72FCCE4C-E5E3-4AA5-A6A6-8D6E8DCAD6E7}.Release|Any CPU.ActiveCfg = Release|Any CPU
		{72FCCE4C-E5E3-4AA5-A6A6-8D6E8DCAD6E7}.Release|Any CPU.Build.0 = Release|Any CPU
		{8A5D2C7F-BF50-432E-B659-057CC0B9FA13}.Debug|Any CPU.ActiveCfg = Debug|Any CPU
		{8A5D2C7F-BF50-432E-B659-057CC0B9FA13}.Debug|Any CPU.Build.0 = Debug|Any CPU
		{8A5D2C7F-BF50-432E-B659-057CC0B9FA13}.Release|Any CPU.ActiveCfg = Release|Any CPU
		{8A5D2C7F-BF50-432E-B659-057CC0B9FA13}.Release|Any CPU.Build.0 = Release|Any CPU
		{88DE9B49-B8B0-47F4-A0D7-8F601181762F}.Debug|Any CPU.ActiveCfg = Debug|Any CPU
		{88DE9B49-B8B0-47F4-A0D7-8F601181762F}.Debug|Any CPU.Build.0 = Debug|Any CPU
		{88DE9B49-B8B0-47F4-A0D7-8F601181762F}.Release|Any CPU.ActiveCfg = Release|Any CPU
		{88DE9B49-B8B0-47F4-A0D7-8F601181762F}.Release|Any CPU.Build.0 = Release|Any CPU
		{53E1669F-9FA8-4747-B496-DDD6E229B8DB}.Debug|Any CPU.ActiveCfg = Debug|Any CPU
		{53E1669F-9FA8-4747-B496-DDD6E229B8DB}.Debug|Any CPU.Build.0 = Debug|Any CPU
		{53E1669F-9FA8-4747-B496-DDD6E229B8DB}.Release|Any CPU.ActiveCfg = Release|Any CPU
		{53E1669F-9FA8-4747-B496-DDD6E229B8DB}.Release|Any CPU.Build.0 = Release|Any CPU
		{673CF5A8-35F8-4239-A08B-99AD16A75623}.Debug|Any CPU.ActiveCfg = Debug|Any CPU
		{673CF5A8-35F8-4239-A08B-99AD16A75623}.Debug|Any CPU.Build.0 = Debug|Any CPU
		{673CF5A8-35F8-4239-A08B-99AD16A75623}.Release|Any CPU.ActiveCfg = Release|Any CPU
		{673CF5A8-35F8-4239-A08B-99AD16A75623}.Release|Any CPU.Build.0 = Release|Any CPU
		{DCC30C75-0B67-4333-B379-A715E4DBC70C}.Debug|Any CPU.ActiveCfg = Debug|Any CPU
		{DCC30C75-0B67-4333-B379-A715E4DBC70C}.Debug|Any CPU.Build.0 = Debug|Any CPU
		{DCC30C75-0B67-4333-B379-A715E4DBC70C}.Release|Any CPU.ActiveCfg = Release|Any CPU
		{DCC30C75-0B67-4333-B379-A715E4DBC70C}.Release|Any CPU.Build.0 = Release|Any CPU
	EndGlobalSection
	GlobalSection(SolutionProperties) = preSolution
		HideSolutionNode = FALSE
	EndGlobalSection
	GlobalSection(NestedProjects) = preSolution
		{FA04D51B-0292-46B2-A1A8-23BA755EBAE5} = {AA0E432E-C127-4D97-AA9C-418F282D26BC}
		{E53FA4C6-F5B4-4BDC-85BD-4811D5683F2B} = {AA0E432E-C127-4D97-AA9C-418F282D26BC}
		{327DDEE5-5902-443E-8DFD-68527BF5AC01} = {AA0E432E-C127-4D97-AA9C-418F282D26BC}
		{C5CF0003-A1A6-4C29-951A-C92DD934E2A0} = {AA0E432E-C127-4D97-AA9C-418F282D26BC}
		{77142F6A-D4B5-4A99-82CA-98849F95C35C} = {AA0E432E-C127-4D97-AA9C-418F282D26BC}
		{78C4D3B4-FB50-4285-9F32-7AFF9E858572} = {4F05BA25-EB5F-4536-ABF5-EB05FAEACCFB}
		{3010B326-A43C-4652-94E4-F37342FCE9EB} = {4F05BA25-EB5F-4536-ABF5-EB05FAEACCFB}
		{797F2B8B-E418-4452-B1CB-ABF317EB132B} = {4F05BA25-EB5F-4536-ABF5-EB05FAEACCFB}
		{B7384D76-8076-42FF-A7DE-2EDFD7FA1395} = {4F05BA25-EB5F-4536-ABF5-EB05FAEACCFB}
		{6CD04A83-092F-4714-A943-714EDEF6772F} = {1B2783EF-9450-4D59-8BE4-EC930247694A}
		{A43E81A3-9C1F-4AFB-B685-9DB48B94943E} = {1B2783EF-9450-4D59-8BE4-EC930247694A}
		{8B96C590-B76E-48D7-94C0-CE50DC9662B0} = {1B2783EF-9450-4D59-8BE4-EC930247694A}
		{72FCCE4C-E5E3-4AA5-A6A6-8D6E8DCAD6E7} = {1B2783EF-9450-4D59-8BE4-EC930247694A}
		{8A5D2C7F-BF50-432E-B659-057CC0B9FA13} = {94ABCC60-3C41-430F-8C9C-A7DA64C79AD9}
		{88DE9B49-B8B0-47F4-A0D7-8F601181762F} = {94ABCC60-3C41-430F-8C9C-A7DA64C79AD9}
		{53E1669F-9FA8-4747-B496-DDD6E229B8DB} = {32BA2663-F803-4CEF-ABF2-4440356F2092}
		{673CF5A8-35F8-4239-A08B-99AD16A75623} = {32BA2663-F803-4CEF-ABF2-4440356F2092}
		{DCC30C75-0B67-4333-B379-A715E4DBC70C} = {32BA2663-F803-4CEF-ABF2-4440356F2092}
	EndGlobalSection
	GlobalSection(ExtensibilityGlobals) = postSolution
		SolutionGuid = {6815ED8D-E940-4618-B588-77FEA6C5913D}
	EndGlobalSection
EndGlobal
